
Microsoft Visual Studio Solution File, Format Version 12.00
# Visual Studio Version 16
VisualStudioVersion = 16.0.30717.126
MinimumVisualStudioVersion = 10.0.40219.1
Project("{FAE04EC0-301F-11D3-BF4B-00C04F79EFBC}") = "Lab1-WinForm", "Lab1-WinForm\Lab1-WinForm.csproj", "{AEE5C8C3-60A6-4A48-9556-49057F794D7E}"
EndProject
Global
	GlobalSection(SolutionConfigurationPlatforms) = preSolution
		Debug|Any CPU = Debug|Any CPU
		Release|Any CPU = Release|Any CPU
	EndGlobalSection
	GlobalSection(ProjectConfigurationPlatforms) = postSolution
		{AEE5C8C3-60A6-4A48-9556-49057F794D7E}.Debug|Any CPU.ActiveCfg = Debug|Any CPU
		{AEE5C8C3-60A6-4A48-9556-49057F794D7E}.Debug|Any CPU.Build.0 = Debug|Any CPU
		{AEE5C8C3-60A6-4A48-9556-49057F794D7E}.Release|Any CPU.ActiveCfg = Release|Any CPU
		{AEE5C8C3-60A6-4A48-9556-49057F794D7E}.Release|Any CPU.Build.0 = Release|Any CPU
	EndGlobalSection
	GlobalSection(SolutionProperties) = preSolution
		HideSolutionNode = FALSE
	EndGlobalSection
	GlobalSection(ExtensibilityGlobals) = postSolution
		SolutionGuid = {4CA6FE9A-3AE6-4BEB-980C-8524F245F753}
	EndGlobalSection
EndGlobal
