
Microsoft Visual Studio Solution File, Format Version 12.00
# Visual Studio Version 16
VisualStudioVersion = 16.0.30204.135
MinimumVisualStudioVersion = 10.0.40219.1
Project("{FAE04EC0-301F-11D3-BF4B-00C04F79EFBC}") = "ClientServer-ChatRealtime", "ClientServer-ChatRealtime\ClientServer-ChatRealtime.csproj", "{51DD8158-298A-4DE8-92F5-96AC97C05142}"
EndProject
Global
	GlobalSection(SolutionConfigurationPlatforms) = preSolution
		Debug|Any CPU = Debug|Any CPU
		Release|Any CPU = Release|Any CPU
	EndGlobalSection
	GlobalSection(ProjectConfigurationPlatforms) = postSolution
		{51DD8158-298A-4DE8-92F5-96AC97C05142}.Debug|Any CPU.ActiveCfg = Debug|Any CPU
		{51DD8158-298A-4DE8-92F5-96AC97C05142}.Debug|Any CPU.Build.0 = Debug|Any CPU
		{51DD8158-298A-4DE8-92F5-96AC97C05142}.Release|Any CPU.ActiveCfg = Release|Any CPU
		{51DD8158-298A-4DE8-92F5-96AC97C05142}.Release|Any CPU.Build.0 = Release|Any CPU
	EndGlobalSection
	GlobalSection(SolutionProperties) = preSolution
		HideSolutionNode = FALSE
	EndGlobalSection
	GlobalSection(ExtensibilityGlobals) = postSolution
		SolutionGuid = {95B02C4D-065F-41E1-87B3-136C7DDDB1FF}
	EndGlobalSection
EndGlobal
