
Microsoft Visual Studio Solution File, Format Version 12.00
# Visual Studio Version 16
VisualStudioVersion = 16.0.30204.135
MinimumVisualStudioVersion = 10.0.40219.1
Project("{FAE04EC0-301F-11D3-BF4B-00C04F79EFBC}") = "Lab1", "Lab1\Lab1.csproj", "{F1BC90B7-8252-4ADE-A253-36E0E8D9A55A}"
EndProject
Global
	GlobalSection(SolutionConfigurationPlatforms) = preSolution
		Debug|Any CPU = Debug|Any CPU
		Release|Any CPU = Release|Any CPU
	EndGlobalSection
	GlobalSection(ProjectConfigurationPlatforms) = postSolution
		{F1BC90B7-8252-4ADE-A253-36E0E8D9A55A}.Debug|Any CPU.ActiveCfg = Debug|Any CPU
		{F1BC90B7-8252-4ADE-A253-36E0E8D9A55A}.Debug|Any CPU.Build.0 = Debug|Any CPU
		{F1BC90B7-8252-4ADE-A253-36E0E8D9A55A}.Release|Any CPU.ActiveCfg = Release|Any CPU
		{F1BC90B7-8252-4ADE-A253-36E0E8D9A55A}.Release|Any CPU.Build.0 = Release|Any CPU
	EndGlobalSection
	GlobalSection(SolutionProperties) = preSolution
		HideSolutionNode = FALSE
	EndGlobalSection
	GlobalSection(ExtensibilityGlobals) = postSolution
		SolutionGuid = {CEB7C593-6B93-4D86-BD1A-5572431A887D}
	EndGlobalSection
EndGlobal
